
Microsoft Visual Studio Solution File, Format Version 12.00
# Visual Studio Version 16
VisualStudioVersion = 16.0.29102.190
MinimumVisualStudioVersion = 10.0.40219.1
Project("{FAE04EC0-301F-11D3-BF4B-00C04F79EFBC}") = "AsynchronousProgrammingPractice", "AsynchronousProgrammingPractice\AsynchronousProgrammingPractice.csproj", "{226C8F2D-0C0D-496A-99EA-0F2938167470}"
EndProject
Global
	GlobalSection(SolutionConfigurationPlatforms) = preSolution
		Debug|Any CPU = Debug|Any CPU
		Release|Any CPU = Release|Any CPU
	EndGlobalSection
	GlobalSection(ProjectConfigurationPlatforms) = postSolution
		{226C8F2D-0C0D-496A-99EA-0F2938167470}.Debug|Any CPU.ActiveCfg = Debug|Any CPU
		{226C8F2D-0C0D-496A-99EA-0F2938167470}.Debug|Any CPU.Build.0 = Debug|Any CPU
		{226C8F2D-0C0D-496A-99EA-0F2938167470}.Release|Any CPU.ActiveCfg = Release|Any CPU
		{226C8F2D-0C0D-496A-99EA-0F2938167470}.Release|Any CPU.Build.0 = Release|Any CPU
	EndGlobalSection
	GlobalSection(SolutionProperties) = preSolution
		HideSolutionNode = FALSE
	EndGlobalSection
	GlobalSection(ExtensibilityGlobals) = postSolution
		SolutionGuid = {7C5DBB19-C4F9-4253-8802-24B40A99D987}
	EndGlobalSection
EndGlobal
